// !$*UTF8*$!
{
	archiveVersion = 1;
	classes = {
	};
	objectVersion = 51;
	objects = {

/* Begin PBXBuildFile section */
		022538A3C4137D6B242C6201 /* libPods-RTR-iOSUITests.a in Frameworks */ = {isa = PBXBuildFile; fileRef = 282908F2A46A00ABC5F97F0B /* libPods-RTR-iOSUITests.a */; };
		71B8C3BF86F96FCE0343FB74 /* libPods-RTR-iOSTests.a in Frameworks */ = {isa = PBXBuildFile; fileRef = 700749D972A229B25D328E25 /* libPods-RTR-iOSTests.a */; };
		7A039C030B4F859B6E23EAF2 /* libPods-RTR-iOS.a in Frameworks */ = {isa = PBXBuildFile; fileRef = A8467B24823D43CA41132E19 /* libPods-RTR-iOS.a */; };
		A0540EF8241339BB009AC5A7 /* UIView+Shadow.m in Sources */ = {isa = PBXBuildFile; fileRef = A0540EF7241339BB009AC5A7 /* UIView+Shadow.m */; };
		A0540EFB24134B9D009AC5A7 /* UIView+Location.m in Sources */ = {isa = PBXBuildFile; fileRef = A0540EFA24134B9D009AC5A7 /* UIView+Location.m */; };
		A0540EFF2417392C009AC5A7 /* UserPageViewModel.m in Sources */ = {isa = PBXBuildFile; fileRef = A0540EFE2417392C009AC5A7 /* UserPageViewModel.m */; };
		A0540F0424174171009AC5A7 /* AlbumPageViewController.m in Sources */ = {isa = PBXBuildFile; fileRef = A0540F0324174171009AC5A7 /* AlbumPageViewController.m */; };
		A0540F0824174DEA009AC5A7 /* UserInfoView.m in Sources */ = {isa = PBXBuildFile; fileRef = A0540F0724174DEA009AC5A7 /* UserInfoView.m */; };
		A0540F0B24174E98009AC5A7 /* UserInfoModel.m in Sources */ = {isa = PBXBuildFile; fileRef = A0540F0A24174E98009AC5A7 /* UserInfoModel.m */; };
		A0540F1024175289009AC5A7 /* RTRUserManager.m in Sources */ = {isa = PBXBuildFile; fileRef = A0540F0F24175289009AC5A7 /* RTRUserManager.m */; };
		A0540F13241A1A09009AC5A7 /* RTRImgDerainNet.m in Sources */ = {isa = PBXBuildFile; fileRef = A0540F12241A1A09009AC5A7 /* RTRImgDerainNet.m */; };
		A0540F16241A6AE6009AC5A7 /* LoginPageViewController.m in Sources */ = {isa = PBXBuildFile; fileRef = A0540F15241A6AE6009AC5A7 /* LoginPageViewController.m */; };
		A0540F19241A6B80009AC5A7 /* LoginPageViewModel.m in Sources */ = {isa = PBXBuildFile; fileRef = A0540F18241A6B80009AC5A7 /* LoginPageViewModel.m */; };
		A0540F1E241A7183009AC5A7 /* UIViewController+BackButtonHandler.m in Sources */ = {isa = PBXBuildFile; fileRef = A0540F1D241A7183009AC5A7 /* UIViewController+BackButtonHandler.m */; };
		A0649B0A241C77CB00BF484A /* RLog.m in Sources */ = {isa = PBXBuildFile; fileRef = A0649B09241C77CB00BF484A /* RLog.m */; };
		A0927AF024051D46005DBD08 /* UITabBarController+Base.m in Sources */ = {isa = PBXBuildFile; fileRef = A0927AEF24051D46005DBD08 /* UITabBarController+Base.m */; };
		A0927AF324051F45005DBD08 /* UserPageViewController.m in Sources */ = {isa = PBXBuildFile; fileRef = A0927AF224051F45005DBD08 /* UserPageViewController.m */; };
		A0927AF7240E5223005DBD08 /* MainPageViewController.m in Sources */ = {isa = PBXBuildFile; fileRef = A0927AF6240E5223005DBD08 /* MainPageViewController.m */; };
		A0927AFC240F4059005DBD08 /* RTRTabBarItem.m in Sources */ = {isa = PBXBuildFile; fileRef = A0927AFB240F4059005DBD08 /* RTRTabBarItem.m */; };
		A09B9E4A2400BBB00038583E /* AppDelegate.m in Sources */ = {isa = PBXBuildFile; fileRef = A09B9E492400BBB00038583E /* AppDelegate.m */; };
		A09B9E4D2400BBB00038583E /* SceneDelegate.m in Sources */ = {isa = PBXBuildFile; fileRef = A09B9E4C2400BBB00038583E /* SceneDelegate.m */; };
		A09B9E532400BBB00038583E /* Main.storyboard in Resources */ = {isa = PBXBuildFile; fileRef = A09B9E512400BBB00038583E /* Main.storyboard */; };
		A09B9E552400BBB10038583E /* Assets.xcassets in Resources */ = {isa = PBXBuildFile; fileRef = A09B9E542400BBB10038583E /* Assets.xcassets */; };
		A09B9E582400BBB10038583E /* LaunchScreen.storyboard in Resources */ = {isa = PBXBuildFile; fileRef = A09B9E562400BBB10038583E /* LaunchScreen.storyboard */; };
		A09B9E5B2400BBB10038583E /* main.m in Sources */ = {isa = PBXBuildFile; fileRef = A09B9E5A2400BBB10038583E /* main.m */; };
		A09B9E652400BBB10038583E /* RTR_iOSTests.m in Sources */ = {isa = PBXBuildFile; fileRef = A09B9E642400BBB10038583E /* RTR_iOSTests.m */; };
		A09B9E702400BBB10038583E /* RTR_iOSUITests.m in Sources */ = {isa = PBXBuildFile; fileRef = A09B9E6F2400BBB10038583E /* RTR_iOSUITests.m */; };
		A09B9E862403E7890038583E /* UINavigationController+Base.m in Sources */ = {isa = PBXBuildFile; fileRef = A09B9E852403E7890038583E /* UINavigationController+Base.m */; };
		A09B9E882403E8B20038583E /* RTRNavigationController.m in Sources */ = {isa = PBXBuildFile; fileRef = A09B9E872403E8B20038583E /* RTRNavigationController.m */; };
		A09B9E8B2403EB450038583E /* RTRTabBarController.m in Sources */ = {isa = PBXBuildFile; fileRef = A09B9E8A2403EB450038583E /* RTRTabBarController.m */; };
		A0FA9377241D3615003C2598 /* UserProfileView.m in Sources */ = {isa = PBXBuildFile; fileRef = A0FA9376241D3615003C2598 /* UserProfileView.m */; };
		A0FA937A241D3743003C2598 /* UserProfileModel.m in Sources */ = {isa = PBXBuildFile; fileRef = A0FA9379241D3743003C2598 /* UserProfileModel.m */; };
		A0FA937E241DAE3B003C2598 /* UserProfileTableViewCell.m in Sources */ = {isa = PBXBuildFile; fileRef = A0FA937D241DAE3B003C2598 /* UserProfileTableViewCell.m */; };
		A0FA9381241DBA93003C2598 /* UserProfileTableViewHeaderCell.m in Sources */ = {isa = PBXBuildFile; fileRef = A0FA9380241DBA93003C2598 /* UserProfileTableViewHeaderCell.m */; };
		A0FA9385241DC5C5003C2598 /* MainPageViewModel.m in Sources */ = {isa = PBXBuildFile; fileRef = A0FA9384241DC5C5003C2598 /* MainPageViewModel.m */; };
		A0FA938A241DCD8D003C2598 /* MainPageFunctionModel.m in Sources */ = {isa = PBXBuildFile; fileRef = A0FA9389241DCD8D003C2598 /* MainPageFunctionModel.m */; };
		A0FA938E241DE324003C2598 /* MainPageFunctionEntriesView.m in Sources */ = {isa = PBXBuildFile; fileRef = A0FA938D241DE324003C2598 /* MainPageFunctionEntriesView.m */; };
		A0FA9391241E00E8003C2598 /* FunctionEntryItem.m in Sources */ = {isa = PBXBuildFile; fileRef = A0FA9390241E00E8003C2598 /* FunctionEntryItem.m */; };
		A0FA9395241F58A5003C2598 /* RTRPageViewController.m in Sources */ = {isa = PBXBuildFile; fileRef = A0FA9394241F58A5003C2598 /* RTRPageViewController.m */; };
		A0FA9399241F6904003C2598 /* DerainEditPageViewController.m in Sources */ = {isa = PBXBuildFile; fileRef = A0FA9398241F6904003C2598 /* DerainEditPageViewController.m */; };
		A0FA939D241F6B37003C2598 /* DerainEditPageViewModel.m in Sources */ = {isa = PBXBuildFile; fileRef = A0FA939C241F6B37003C2598 /* DerainEditPageViewModel.m */; };
		A0FA93A0241F6DB2003C2598 /* EditPageNavigationBar.m in Sources */ = {isa = PBXBuildFile; fileRef = A0FA939F241F6DB2003C2598 /* EditPageNavigationBar.m */; };
		A0FA93A4241F7C68003C2598 /* UIImageView+AutoSize.m in Sources */ = {isa = PBXBuildFile; fileRef = A0FA93A3241F7C68003C2598 /* UIImageView+AutoSize.m */; };
		A0FA93A8241FDD0A003C2598 /* CameraImagePickerViewController.m in Sources */ = {isa = PBXBuildFile; fileRef = A0FA93A7241FDD0A003C2598 /* CameraImagePickerViewController.m */; };
		A0FA93AC241FE372003C2598 /* CameraPageViewModel.m in Sources */ = {isa = PBXBuildFile; fileRef = A0FA93AB241FE372003C2598 /* CameraPageViewModel.m */; };
/* End PBXBuildFile section */

/* Begin PBXContainerItemProxy section */
		A09B9E612400BBB10038583E /* PBXContainerItemProxy */ = {
			isa = PBXContainerItemProxy;
			containerPortal = A09B9E3D2400BBAF0038583E /* Project object */;
			proxyType = 1;
			remoteGlobalIDString = A09B9E442400BBAF0038583E;
			remoteInfo = "RTR-iOS";
		};
		A09B9E6C2400BBB10038583E /* PBXContainerItemProxy */ = {
			isa = PBXContainerItemProxy;
			containerPortal = A09B9E3D2400BBAF0038583E /* Project object */;
			proxyType = 1;
			remoteGlobalIDString = A09B9E442400BBAF0038583E;
			remoteInfo = "RTR-iOS";
		};
/* End PBXContainerItemProxy section */

/* Begin PBXFileReference section */
		16A2A37784E2605812B437F5 /* Pods-RTR-iOSTests.release.xcconfig */ = {isa = PBXFileReference; includeInIndex = 1; lastKnownFileType = text.xcconfig; name = "Pods-RTR-iOSTests.release.xcconfig"; path = "Target Support Files/Pods-RTR-iOSTests/Pods-RTR-iOSTests.release.xcconfig"; sourceTree = "<group>"; };
		1A8504B475ECF40E75F6294F /* Pods-RTR-iOS.debug.xcconfig */ = {isa = PBXFileReference; includeInIndex = 1; lastKnownFileType = text.xcconfig; name = "Pods-RTR-iOS.debug.xcconfig"; path = "Target Support Files/Pods-RTR-iOS/Pods-RTR-iOS.debug.xcconfig"; sourceTree = "<group>"; };
		282908F2A46A00ABC5F97F0B /* libPods-RTR-iOSUITests.a */ = {isa = PBXFileReference; explicitFileType = archive.ar; includeInIndex = 0; path = "libPods-RTR-iOSUITests.a"; sourceTree = BUILT_PRODUCTS_DIR; };
		64B4612FD49F903C22AE9F08 /* Pods-RTR-iOSUITests.debug.xcconfig */ = {isa = PBXFileReference; includeInIndex = 1; lastKnownFileType = text.xcconfig; name = "Pods-RTR-iOSUITests.debug.xcconfig"; path = "Target Support Files/Pods-RTR-iOSUITests/Pods-RTR-iOSUITests.debug.xcconfig"; sourceTree = "<group>"; };
		700749D972A229B25D328E25 /* libPods-RTR-iOSTests.a */ = {isa = PBXFileReference; explicitFileType = archive.ar; includeInIndex = 0; path = "libPods-RTR-iOSTests.a"; sourceTree = BUILT_PRODUCTS_DIR; };
		88AA4556AD6ED1A2207CA101 /* Pods-RTR-iOSUITests.release.xcconfig */ = {isa = PBXFileReference; includeInIndex = 1; lastKnownFileType = text.xcconfig; name = "Pods-RTR-iOSUITests.release.xcconfig"; path = "Target Support Files/Pods-RTR-iOSUITests/Pods-RTR-iOSUITests.release.xcconfig"; sourceTree = "<group>"; };
		91F583C1482B341410EE8443 /* Pods-RTR-iOS.release.xcconfig */ = {isa = PBXFileReference; includeInIndex = 1; lastKnownFileType = text.xcconfig; name = "Pods-RTR-iOS.release.xcconfig"; path = "Target Support Files/Pods-RTR-iOS/Pods-RTR-iOS.release.xcconfig"; sourceTree = "<group>"; };
		A0540EF6241339BB009AC5A7 /* UIView+Shadow.h */ = {isa = PBXFileReference; lastKnownFileType = sourcecode.c.h; path = "UIView+Shadow.h"; sourceTree = "<group>"; };
		A0540EF7241339BB009AC5A7 /* UIView+Shadow.m */ = {isa = PBXFileReference; lastKnownFileType = sourcecode.c.objc; path = "UIView+Shadow.m"; sourceTree = "<group>"; };
		A0540EF924134B9D009AC5A7 /* UIView+Location.h */ = {isa = PBXFileReference; lastKnownFileType = sourcecode.c.h; path = "UIView+Location.h"; sourceTree = "<group>"; };
		A0540EFA24134B9D009AC5A7 /* UIView+Location.m */ = {isa = PBXFileReference; lastKnownFileType = sourcecode.c.objc; path = "UIView+Location.m"; sourceTree = "<group>"; };
		A0540EFE2417392C009AC5A7 /* UserPageViewModel.m */ = {isa = PBXFileReference; lastKnownFileType = sourcecode.c.objc; path = UserPageViewModel.m; sourceTree = "<group>"; };
		A0540F0024173939009AC5A7 /* UserPageViewModel.h */ = {isa = PBXFileReference; lastKnownFileType = sourcecode.c.h; path = UserPageViewModel.h; sourceTree = "<group>"; };
		A0540F0224174163009AC5A7 /* AlbumPageViewController.h */ = {isa = PBXFileReference; lastKnownFileType = sourcecode.c.h; path = AlbumPageViewController.h; sourceTree = "<group>"; };
		A0540F0324174171009AC5A7 /* AlbumPageViewController.m */ = {isa = PBXFileReference; lastKnownFileType = sourcecode.c.objc; path = AlbumPageViewController.m; sourceTree = "<group>"; };
		A0540F0624174DDD009AC5A7 /* UserInfoView.h */ = {isa = PBXFileReference; lastKnownFileType = sourcecode.c.h; path = UserInfoView.h; sourceTree = "<group>"; };
		A0540F0724174DEA009AC5A7 /* UserInfoView.m */ = {isa = PBXFileReference; lastKnownFileType = sourcecode.c.objc; path = UserInfoView.m; sourceTree = "<group>"; };
		A0540F0924174E8C009AC5A7 /* UserInfoModel.h */ = {isa = PBXFileReference; lastKnownFileType = sourcecode.c.h; path = UserInfoModel.h; sourceTree = "<group>"; };
		A0540F0A24174E98009AC5A7 /* UserInfoModel.m */ = {isa = PBXFileReference; lastKnownFileType = sourcecode.c.objc; path = UserInfoModel.m; sourceTree = "<group>"; };
		A0540F0D24175274009AC5A7 /* RTRUserManager.h */ = {isa = PBXFileReference; lastKnownFileType = sourcecode.c.h; path = RTRUserManager.h; sourceTree = "<group>"; };
		A0540F0F24175289009AC5A7 /* RTRUserManager.m */ = {isa = PBXFileReference; lastKnownFileType = sourcecode.c.objc; path = RTRUserManager.m; sourceTree = "<group>"; };
		A0540F11241A19F6009AC5A7 /* RTRImgDerainNet.h */ = {isa = PBXFileReference; lastKnownFileType = sourcecode.c.h; name = RTRImgDerainNet.h; path = "../../../../../../iOS-workspace/rain-trace-removel/RTR-iOS/RTR-iOS/RTRUtils/RTRNet/RTRImgDerainNet.h"; sourceTree = "<group>"; };
		A0540F12241A1A09009AC5A7 /* RTRImgDerainNet.m */ = {isa = PBXFileReference; lastKnownFileType = sourcecode.c.objc; name = RTRImgDerainNet.m; path = "../../../../../../iOS-workspace/rain-trace-removel/RTR-iOS/RTR-iOS/RTRUtils/RTRNet/RTRImgDerainNet.m"; sourceTree = "<group>"; };
		A0540F14241A6AD1009AC5A7 /* LoginPageViewController.h */ = {isa = PBXFileReference; lastKnownFileType = sourcecode.c.h; path = LoginPageViewController.h; sourceTree = "<group>"; };
		A0540F15241A6AE6009AC5A7 /* LoginPageViewController.m */ = {isa = PBXFileReference; lastKnownFileType = sourcecode.c.objc; path = LoginPageViewController.m; sourceTree = "<group>"; };
		A0540F17241A6B74009AC5A7 /* LoginPageViewModel.h */ = {isa = PBXFileReference; lastKnownFileType = sourcecode.c.h; path = LoginPageViewModel.h; sourceTree = "<group>"; };
		A0540F18241A6B80009AC5A7 /* LoginPageViewModel.m */ = {isa = PBXFileReference; lastKnownFileType = sourcecode.c.objc; path = LoginPageViewModel.m; sourceTree = "<group>"; };
		A0540F1C241A716B009AC5A7 /* UIViewController+BackButtonHandler.h */ = {isa = PBXFileReference; lastKnownFileType = sourcecode.c.h; path = "UIViewController+BackButtonHandler.h"; sourceTree = "<group>"; };
		A0540F1D241A7183009AC5A7 /* UIViewController+BackButtonHandler.m */ = {isa = PBXFileReference; lastKnownFileType = sourcecode.c.objc; path = "UIViewController+BackButtonHandler.m"; sourceTree = "<group>"; };
		A0649B08241C777400BF484A /* RLog.h */ = {isa = PBXFileReference; lastKnownFileType = sourcecode.c.h; path = RLog.h; sourceTree = "<group>"; };
		A0649B09241C77CB00BF484A /* RLog.m */ = {isa = PBXFileReference; lastKnownFileType = sourcecode.c.objc; path = RLog.m; sourceTree = "<group>"; };
		A0927AEE24051D46005DBD08 /* UITabBarController+Base.h */ = {isa = PBXFileReference; lastKnownFileType = sourcecode.c.h; path = "UITabBarController+Base.h"; sourceTree = "<group>"; };
		A0927AEF24051D46005DBD08 /* UITabBarController+Base.m */ = {isa = PBXFileReference; lastKnownFileType = sourcecode.c.objc; path = "UITabBarController+Base.m"; sourceTree = "<group>"; };
		A0927AF224051F45005DBD08 /* UserPageViewController.m */ = {isa = PBXFileReference; lastKnownFileType = sourcecode.c.objc; path = UserPageViewController.m; sourceTree = "<group>"; };
		A0927AF424051F53005DBD08 /* UserPageViewController.h */ = {isa = PBXFileReference; lastKnownFileType = sourcecode.c.h; path = UserPageViewController.h; sourceTree = "<group>"; };
		A0927AF6240E5223005DBD08 /* MainPageViewController.m */ = {isa = PBXFileReference; lastKnownFileType = sourcecode.c.objc; path = MainPageViewController.m; sourceTree = "<group>"; };
		A0927AF8240E5230005DBD08 /* MainPageViewController.h */ = {isa = PBXFileReference; lastKnownFileType = sourcecode.c.h; path = MainPageViewController.h; sourceTree = "<group>"; };
		A0927AF9240EB611005DBD08 /* RTRDefine.h */ = {isa = PBXFileReference; lastKnownFileType = sourcecode.c.h; path = RTRDefine.h; sourceTree = "<group>"; };
		A0927AFB240F4059005DBD08 /* RTRTabBarItem.m */ = {isa = PBXFileReference; lastKnownFileType = sourcecode.c.objc; path = RTRTabBarItem.m; sourceTree = "<group>"; };
		A0927AFD240F407B005DBD08 /* RTRTabBarItem.h */ = {isa = PBXFileReference; lastKnownFileType = sourcecode.c.h; path = RTRTabBarItem.h; sourceTree = "<group>"; };
		A09B9E452400BBB00038583E /* RTR-iOS.app */ = {isa = PBXFileReference; explicitFileType = wrapper.application; includeInIndex = 0; path = "RTR-iOS.app"; sourceTree = BUILT_PRODUCTS_DIR; };
		A09B9E482400BBB00038583E /* AppDelegate.h */ = {isa = PBXFileReference; lastKnownFileType = sourcecode.c.h; path = AppDelegate.h; sourceTree = "<group>"; };
		A09B9E492400BBB00038583E /* AppDelegate.m */ = {isa = PBXFileReference; lastKnownFileType = sourcecode.c.objc; path = AppDelegate.m; sourceTree = "<group>"; };
		A09B9E4B2400BBB00038583E /* SceneDelegate.h */ = {isa = PBXFileReference; lastKnownFileType = sourcecode.c.h; path = SceneDelegate.h; sourceTree = "<group>"; };
		A09B9E4C2400BBB00038583E /* SceneDelegate.m */ = {isa = PBXFileReference; lastKnownFileType = sourcecode.c.objc; path = SceneDelegate.m; sourceTree = "<group>"; };
		A09B9E522400BBB00038583E /* Base */ = {isa = PBXFileReference; lastKnownFileType = file.storyboard; name = Base; path = Base.lproj/Main.storyboard; sourceTree = "<group>"; };
		A09B9E542400BBB10038583E /* Assets.xcassets */ = {isa = PBXFileReference; lastKnownFileType = folder.assetcatalog; path = Assets.xcassets; sourceTree = "<group>"; };
		A09B9E572400BBB10038583E /* Base */ = {isa = PBXFileReference; lastKnownFileType = file.storyboard; name = Base; path = Base.lproj/LaunchScreen.storyboard; sourceTree = "<group>"; };
		A09B9E592400BBB10038583E /* Info.plist */ = {isa = PBXFileReference; lastKnownFileType = text.plist.xml; path = Info.plist; sourceTree = "<group>"; };
		A09B9E5A2400BBB10038583E /* main.m */ = {isa = PBXFileReference; lastKnownFileType = sourcecode.c.objc; path = main.m; sourceTree = "<group>"; };
		A09B9E602400BBB10038583E /* RTR-iOSTests.xctest */ = {isa = PBXFileReference; explicitFileType = wrapper.cfbundle; includeInIndex = 0; path = "RTR-iOSTests.xctest"; sourceTree = BUILT_PRODUCTS_DIR; };
		A09B9E642400BBB10038583E /* RTR_iOSTests.m */ = {isa = PBXFileReference; lastKnownFileType = sourcecode.c.objc; path = RTR_iOSTests.m; sourceTree = "<group>"; };
		A09B9E662400BBB10038583E /* Info.plist */ = {isa = PBXFileReference; lastKnownFileType = text.plist.xml; path = Info.plist; sourceTree = "<group>"; };
		A09B9E6B2400BBB10038583E /* RTR-iOSUITests.xctest */ = {isa = PBXFileReference; explicitFileType = wrapper.cfbundle; includeInIndex = 0; path = "RTR-iOSUITests.xctest"; sourceTree = BUILT_PRODUCTS_DIR; };
		A09B9E6F2400BBB10038583E /* RTR_iOSUITests.m */ = {isa = PBXFileReference; lastKnownFileType = sourcecode.c.objc; path = RTR_iOSUITests.m; sourceTree = "<group>"; };
		A09B9E712400BBB10038583E /* Info.plist */ = {isa = PBXFileReference; lastKnownFileType = text.plist.xml; path = Info.plist; sourceTree = "<group>"; };
		A09B9E842403E7890038583E /* UINavigationController+Base.h */ = {isa = PBXFileReference; lastKnownFileType = sourcecode.c.h; path = "UINavigationController+Base.h"; sourceTree = "<group>"; };
		A09B9E852403E7890038583E /* UINavigationController+Base.m */ = {isa = PBXFileReference; lastKnownFileType = sourcecode.c.objc; path = "UINavigationController+Base.m"; sourceTree = "<group>"; };
		A09B9E872403E8B20038583E /* RTRNavigationController.m */ = {isa = PBXFileReference; lastKnownFileType = sourcecode.c.objc; path = RTRNavigationController.m; sourceTree = "<group>"; };
		A09B9E892403E8C90038583E /* RTRNavigationController.h */ = {isa = PBXFileReference; lastKnownFileType = sourcecode.c.h; path = RTRNavigationController.h; sourceTree = "<group>"; };
		A09B9E8A2403EB450038583E /* RTRTabBarController.m */ = {isa = PBXFileReference; lastKnownFileType = sourcecode.c.objc; path = RTRTabBarController.m; sourceTree = "<group>"; };
		A09B9E8C2403EB550038583E /* RTRTabBarController.h */ = {isa = PBXFileReference; lastKnownFileType = sourcecode.c.h; path = RTRTabBarController.h; sourceTree = "<group>"; };
		A0FA9375241D3608003C2598 /* UserProfileView.h */ = {isa = PBXFileReference; lastKnownFileType = sourcecode.c.h; path = UserProfileView.h; sourceTree = "<group>"; };
		A0FA9376241D3615003C2598 /* UserProfileView.m */ = {isa = PBXFileReference; lastKnownFileType = sourcecode.c.objc; path = UserProfileView.m; sourceTree = "<group>"; };
		A0FA9378241D372F003C2598 /* UserProfileModel.h */ = {isa = PBXFileReference; lastKnownFileType = sourcecode.c.h; path = UserProfileModel.h; sourceTree = "<group>"; };
		A0FA9379241D3743003C2598 /* UserProfileModel.m */ = {isa = PBXFileReference; lastKnownFileType = sourcecode.c.objc; path = UserProfileModel.m; sourceTree = "<group>"; };
		A0FA937C241DAE2C003C2598 /* UserProfileTableViewCell.h */ = {isa = PBXFileReference; lastKnownFileType = sourcecode.c.h; path = UserProfileTableViewCell.h; sourceTree = "<group>"; };
		A0FA937D241DAE3B003C2598 /* UserProfileTableViewCell.m */ = {isa = PBXFileReference; lastKnownFileType = sourcecode.c.objc; path = UserProfileTableViewCell.m; sourceTree = "<group>"; };
		A0FA937F241DBA7D003C2598 /* UserProfileTableViewHeaderCell.h */ = {isa = PBXFileReference; lastKnownFileType = sourcecode.c.h; path = UserProfileTableViewHeaderCell.h; sourceTree = "<group>"; };
		A0FA9380241DBA93003C2598 /* UserProfileTableViewHeaderCell.m */ = {isa = PBXFileReference; lastKnownFileType = sourcecode.c.objc; path = UserProfileTableViewHeaderCell.m; sourceTree = "<group>"; };
		A0FA9383241DC5AD003C2598 /* MainPageViewModel.h */ = {isa = PBXFileReference; lastKnownFileType = sourcecode.c.h; path = MainPageViewModel.h; sourceTree = "<group>"; };
		A0FA9384241DC5C5003C2598 /* MainPageViewModel.m */ = {isa = PBXFileReference; lastKnownFileType = sourcecode.c.objc; path = MainPageViewModel.m; sourceTree = "<group>"; };
		A0FA9388241DCD7F003C2598 /* MainPageFunctionModel.h */ = {isa = PBXFileReference; lastKnownFileType = sourcecode.c.h; path = MainPageFunctionModel.h; sourceTree = "<group>"; };
		A0FA9389241DCD8D003C2598 /* MainPageFunctionModel.m */ = {isa = PBXFileReference; lastKnownFileType = sourcecode.c.objc; path = MainPageFunctionModel.m; sourceTree = "<group>"; };
		A0FA938C241DE30E003C2598 /* MainPageFunctionEntriesView.h */ = {isa = PBXFileReference; lastKnownFileType = sourcecode.c.h; path = MainPageFunctionEntriesView.h; sourceTree = "<group>"; };
		A0FA938D241DE324003C2598 /* MainPageFunctionEntriesView.m */ = {isa = PBXFileReference; lastKnownFileType = sourcecode.c.objc; path = MainPageFunctionEntriesView.m; sourceTree = "<group>"; };
		A0FA938F241E00DA003C2598 /* FunctionEntryItem.h */ = {isa = PBXFileReference; lastKnownFileType = sourcecode.c.h; path = FunctionEntryItem.h; sourceTree = "<group>"; };
		A0FA9390241E00E8003C2598 /* FunctionEntryItem.m */ = {isa = PBXFileReference; lastKnownFileType = sourcecode.c.objc; path = FunctionEntryItem.m; sourceTree = "<group>"; };
		A0FA9393241F5894003C2598 /* RTRPageViewController.h */ = {isa = PBXFileReference; lastKnownFileType = sourcecode.c.h; path = RTRPageViewController.h; sourceTree = "<group>"; };
		A0FA9394241F58A5003C2598 /* RTRPageViewController.m */ = {isa = PBXFileReference; lastKnownFileType = sourcecode.c.objc; path = RTRPageViewController.m; sourceTree = "<group>"; };
		A0FA9397241F68F2003C2598 /* DerainEditPageViewController.h */ = {isa = PBXFileReference; lastKnownFileType = sourcecode.c.h; path = DerainEditPageViewController.h; sourceTree = "<group>"; };
		A0FA9398241F6904003C2598 /* DerainEditPageViewController.m */ = {isa = PBXFileReference; lastKnownFileType = sourcecode.c.objc; path = DerainEditPageViewController.m; sourceTree = "<group>"; };
		A0FA939B241F6B28003C2598 /* DerainEditPageViewModel.h */ = {isa = PBXFileReference; lastKnownFileType = sourcecode.c.h; path = DerainEditPageViewModel.h; sourceTree = "<group>"; };
		A0FA939C241F6B37003C2598 /* DerainEditPageViewModel.m */ = {isa = PBXFileReference; lastKnownFileType = sourcecode.c.objc; path = DerainEditPageViewModel.m; sourceTree = "<group>"; };
		A0FA939E241F6D9D003C2598 /* EditPageNavigationBar.h */ = {isa = PBXFileReference; lastKnownFileType = sourcecode.c.h; path = EditPageNavigationBar.h; sourceTree = "<group>"; };
		A0FA939F241F6DB2003C2598 /* EditPageNavigationBar.m */ = {isa = PBXFileReference; lastKnownFileType = sourcecode.c.objc; path = EditPageNavigationBar.m; sourceTree = "<group>"; };
		A0FA93A2241F7C68003C2598 /* UIImageView+AutoSize.h */ = {isa = PBXFileReference; lastKnownFileType = sourcecode.c.h; path = "UIImageView+AutoSize.h"; sourceTree = "<group>"; };
		A0FA93A3241F7C68003C2598 /* UIImageView+AutoSize.m */ = {isa = PBXFileReference; lastKnownFileType = sourcecode.c.objc; path = "UIImageView+AutoSize.m"; sourceTree = "<group>"; };
		A0FA93A6241FDCF2003C2598 /* CameraImagePickerViewController.h */ = {isa = PBXFileReference; lastKnownFileType = sourcecode.c.h; path = CameraImagePickerViewController.h; sourceTree = "<group>"; };
		A0FA93A7241FDD0A003C2598 /* CameraImagePickerViewController.m */ = {isa = PBXFileReference; lastKnownFileType = sourcecode.c.objc; path = CameraImagePickerViewController.m; sourceTree = "<group>"; };
		A0FA93AA241FE364003C2598 /* CameraPageViewModel.h */ = {isa = PBXFileReference; lastKnownFileType = sourcecode.c.h; path = CameraPageViewModel.h; sourceTree = "<group>"; };
		A0FA93AB241FE372003C2598 /* CameraPageViewModel.m */ = {isa = PBXFileReference; lastKnownFileType = sourcecode.c.objc; path = CameraPageViewModel.m; sourceTree = "<group>"; };
		A8467B24823D43CA41132E19 /* libPods-RTR-iOS.a */ = {isa = PBXFileReference; explicitFileType = archive.ar; includeInIndex = 0; path = "libPods-RTR-iOS.a"; sourceTree = BUILT_PRODUCTS_DIR; };
		DF2409B3BF9AC3CE2B25A2AD /* Pods-RTR-iOSTests.debug.xcconfig */ = {isa = PBXFileReference; includeInIndex = 1; lastKnownFileType = text.xcconfig; name = "Pods-RTR-iOSTests.debug.xcconfig"; path = "Target Support Files/Pods-RTR-iOSTests/Pods-RTR-iOSTests.debug.xcconfig"; sourceTree = "<group>"; };
/* End PBXFileReference section */

/* Begin PBXFrameworksBuildPhase section */
		A09B9E422400BBAF0038583E /* Frameworks */ = {
			isa = PBXFrameworksBuildPhase;
			buildActionMask = 2147483647;
			files = (
				7A039C030B4F859B6E23EAF2 /* libPods-RTR-iOS.a in Frameworks */,
			);
			runOnlyForDeploymentPostprocessing = 0;
		};
		A09B9E5D2400BBB10038583E /* Frameworks */ = {
			isa = PBXFrameworksBuildPhase;
			buildActionMask = 2147483647;
			files = (
				71B8C3BF86F96FCE0343FB74 /* libPods-RTR-iOSTests.a in Frameworks */,
			);
			runOnlyForDeploymentPostprocessing = 0;
		};
		A09B9E682400BBB10038583E /* Frameworks */ = {
			isa = PBXFrameworksBuildPhase;
			buildActionMask = 2147483647;
			files = (
				022538A3C4137D6B242C6201 /* libPods-RTR-iOSUITests.a in Frameworks */,
			);
			runOnlyForDeploymentPostprocessing = 0;
		};
/* End PBXFrameworksBuildPhase section */

/* Begin PBXGroup section */
		67720AD74CA9663C094C1D7C /* Frameworks */ = {
			isa = PBXGroup;
			children = (
				A8467B24823D43CA41132E19 /* libPods-RTR-iOS.a */,
				700749D972A229B25D328E25 /* libPods-RTR-iOSTests.a */,
				282908F2A46A00ABC5F97F0B /* libPods-RTR-iOSUITests.a */,
			);
			name = Frameworks;
			sourceTree = "<group>";
		};
		7C00895E732E9FD7E312E693 /* Pods */ = {
			isa = PBXGroup;
			children = (
				1A8504B475ECF40E75F6294F /* Pods-RTR-iOS.debug.xcconfig */,
				91F583C1482B341410EE8443 /* Pods-RTR-iOS.release.xcconfig */,
				DF2409B3BF9AC3CE2B25A2AD /* Pods-RTR-iOSTests.debug.xcconfig */,
				16A2A37784E2605812B437F5 /* Pods-RTR-iOSTests.release.xcconfig */,
				64B4612FD49F903C22AE9F08 /* Pods-RTR-iOSUITests.debug.xcconfig */,
				88AA4556AD6ED1A2207CA101 /* Pods-RTR-iOSUITests.release.xcconfig */,
			);
			path = Pods;
			sourceTree = "<group>";
		};
		A0540EF12413394E009AC5A7 /* RTRBaseView */ = {
			isa = PBXGroup;
			children = (
				A0540EF6241339BB009AC5A7 /* UIView+Shadow.h */,
				A0540EF7241339BB009AC5A7 /* UIView+Shadow.m */,
				A0540EF924134B9D009AC5A7 /* UIView+Location.h */,
				A0540EFA24134B9D009AC5A7 /* UIView+Location.m */,
				A0FA93A2241F7C68003C2598 /* UIImageView+AutoSize.h */,
				A0FA93A3241F7C68003C2598 /* UIImageView+AutoSize.m */,
			);
			path = RTRBaseView;
			sourceTree = "<group>";
		};
		A0540EFD2417390E009AC5A7 /* UserPage */ = {
			isa = PBXGroup;
			children = (
				A0540F0024173939009AC5A7 /* UserPageViewModel.h */,
				A0540EFE2417392C009AC5A7 /* UserPageViewModel.m */,
				A0540F17241A6B74009AC5A7 /* LoginPageViewModel.h */,
				A0540F18241A6B80009AC5A7 /* LoginPageViewModel.m */,
			);
			path = UserPage;
			sourceTree = "<group>";
		};
		A0540F0124174152009AC5A7 /* AlbumPage */ = {
			isa = PBXGroup;
			children = (
				A0540F0224174163009AC5A7 /* AlbumPageViewController.h */,
				A0540F0324174171009AC5A7 /* AlbumPageViewController.m */,
			);
			path = AlbumPage;
			sourceTree = "<group>";
		};
		A0540F0524174DA9009AC5A7 /* UserPage */ = {
			isa = PBXGroup;
			children = (
				A0540F0624174DDD009AC5A7 /* UserInfoView.h */,
				A0540F0724174DEA009AC5A7 /* UserInfoView.m */,
				A0FA9375241D3608003C2598 /* UserProfileView.h */,
				A0FA9376241D3615003C2598 /* UserProfileView.m */,
				A0FA937B241DAE08003C2598 /* UserProfileDetail */,
			);
			path = UserPage;
			sourceTree = "<group>";
		};
		A0540F0C2417524E009AC5A7 /* RTRManager */ = {
			isa = PBXGroup;
			children = (
				A0540F0D24175274009AC5A7 /* RTRUserManager.h */,
				A0540F0F24175289009AC5A7 /* RTRUserManager.m */,
			);
			path = RTRManager;
			sourceTree = "<group>";
		};
		A0540F1A241A70A4009AC5A7 /* RTRBaseNavigation */ = {
			isa = PBXGroup;
			children = (
				A09B9E842403E7890038583E /* UINavigationController+Base.h */,
				A09B9E852403E7890038583E /* UINavigationController+Base.m */,
				A0540F1C241A716B009AC5A7 /* UIViewController+BackButtonHandler.h */,
				A0540F1D241A7183009AC5A7 /* UIViewController+BackButtonHandler.m */,
			);
			path = RTRBaseNavigation;
			sourceTree = "<group>";
		};
		A0649B07241C775A00BF484A /* RTRBaseLog */ = {
			isa = PBXGroup;
			children = (
				A0649B08241C777400BF484A /* RLog.h */,
				A0649B09241C77CB00BF484A /* RLog.m */,
			);
			path = RTRBaseLog;
			sourceTree = "<group>";
		};
		A0927AF124051F22005DBD08 /* UserPage */ = {
			isa = PBXGroup;
			children = (
				A0927AF424051F53005DBD08 /* UserPageViewController.h */,
				A0927AF224051F45005DBD08 /* UserPageViewController.m */,
				A0540F14241A6AD1009AC5A7 /* LoginPageViewController.h */,
				A0540F15241A6AE6009AC5A7 /* LoginPageViewController.m */,
			);
			path = UserPage;
			sourceTree = "<group>";
		};
		A0927AF5240E5211005DBD08 /* MainPage */ = {
			isa = PBXGroup;
			children = (
				A0927AF8240E5230005DBD08 /* MainPageViewController.h */,
				A0927AF6240E5223005DBD08 /* MainPageViewController.m */,
				A0FA9396241F68BD003C2598 /* DerainPage */,
				A0FA93A5241FDCA5003C2598 /* CameraPage */,
			);
			path = MainPage;
			sourceTree = "<group>";
		};
		A0927AFA240F3FF4005DBD08 /* RTRBaseTabBar */ = {
			isa = PBXGroup;
			children = (
				A0927AEE24051D46005DBD08 /* UITabBarController+Base.h */,
				A0927AEF24051D46005DBD08 /* UITabBarController+Base.m */,
				A0927AFD240F407B005DBD08 /* RTRTabBarItem.h */,
				A0927AFB240F4059005DBD08 /* RTRTabBarItem.m */,
			);
			path = RTRBaseTabBar;
			sourceTree = "<group>";
		};
		A09B9E3C2400BBAF0038583E = {
			isa = PBXGroup;
			children = (
				A09B9E472400BBB00038583E /* RTR-iOS */,
				A09B9E632400BBB10038583E /* RTR-iOSTests */,
				A09B9E6E2400BBB10038583E /* RTR-iOSUITests */,
				A09B9E462400BBB00038583E /* Products */,
				7C00895E732E9FD7E312E693 /* Pods */,
				67720AD74CA9663C094C1D7C /* Frameworks */,
			);
			sourceTree = "<group>";
		};
		A09B9E462400BBB00038583E /* Products */ = {
			isa = PBXGroup;
			children = (
				A09B9E452400BBB00038583E /* RTR-iOS.app */,
				A09B9E602400BBB10038583E /* RTR-iOSTests.xctest */,
				A09B9E6B2400BBB10038583E /* RTR-iOSUITests.xctest */,
			);
			name = Products;
			sourceTree = "<group>";
		};
		A09B9E472400BBB00038583E /* RTR-iOS */ = {
			isa = PBXGroup;
			children = (
				A09B9E822403E56B0038583E /* RTRUtils */,
				A09B9E812403E5650038583E /* RTRBase */,
				A09B9E802403E52D0038583E /* RTRView */,
				A09B9E7F2403E4FE0038583E /* RTRModel */,
				A09B9E7E2403E4F50038583E /* RTRViewModel */,
				A09B9E7D2403E3DF0038583E /* RTRViewController */,
				A09B9E482400BBB00038583E /* AppDelegate.h */,
				A09B9E492400BBB00038583E /* AppDelegate.m */,
				A09B9E4B2400BBB00038583E /* SceneDelegate.h */,
				A09B9E4C2400BBB00038583E /* SceneDelegate.m */,
				A09B9E512400BBB00038583E /* Main.storyboard */,
				A09B9E542400BBB10038583E /* Assets.xcassets */,
				A09B9E562400BBB10038583E /* LaunchScreen.storyboard */,
				A09B9E592400BBB10038583E /* Info.plist */,
				A09B9E5A2400BBB10038583E /* main.m */,
			);
			path = "RTR-iOS";
			sourceTree = "<group>";
		};
		A09B9E632400BBB10038583E /* RTR-iOSTests */ = {
			isa = PBXGroup;
			children = (
				A09B9E642400BBB10038583E /* RTR_iOSTests.m */,
				A09B9E662400BBB10038583E /* Info.plist */,
			);
			path = "RTR-iOSTests";
			sourceTree = "<group>";
		};
		A09B9E6E2400BBB10038583E /* RTR-iOSUITests */ = {
			isa = PBXGroup;
			children = (
				A09B9E6F2400BBB10038583E /* RTR_iOSUITests.m */,
				A09B9E712400BBB10038583E /* Info.plist */,
			);
			path = "RTR-iOSUITests";
			sourceTree = "<group>";
		};
		A09B9E7D2403E3DF0038583E /* RTRViewController */ = {
			isa = PBXGroup;
			children = (
				A0540F0124174152009AC5A7 /* AlbumPage */,
				A0927AF5240E5211005DBD08 /* MainPage */,
				A0927AF124051F22005DBD08 /* UserPage */,
				A09B9E892403E8C90038583E /* RTRNavigationController.h */,
				A09B9E872403E8B20038583E /* RTRNavigationController.m */,
				A09B9E8C2403EB550038583E /* RTRTabBarController.h */,
				A09B9E8A2403EB450038583E /* RTRTabBarController.m */,
			);
			path = RTRViewController;
			sourceTree = "<group>";
		};
		A09B9E7E2403E4F50038583E /* RTRViewModel */ = {
			isa = PBXGroup;
			children = (
				A0FA9382241DC57A003C2598 /* MainPage */,
				A0540EFD2417390E009AC5A7 /* UserPage */,
			);
			path = RTRViewModel;
			sourceTree = "<group>";
		};
		A09B9E7F2403E4FE0038583E /* RTRModel */ = {
			isa = PBXGroup;
			children = (
				A0FA9387241DCCDB003C2598 /* MainPage */,
				A0FA9386241DCCC7003C2598 /* UserPage */,
			);
			path = RTRModel;
			sourceTree = "<group>";
		};
		A09B9E802403E52D0038583E /* RTRView */ = {
			isa = PBXGroup;
			children = (
				A0FA938B241DE2AA003C2598 /* MainPage */,
				A0540F0524174DA9009AC5A7 /* UserPage */,
			);
			path = RTRView;
			sourceTree = "<group>";
		};
		A09B9E812403E5650038583E /* RTRBase */ = {
			isa = PBXGroup;
			children = (
				A0FA9392241F5869003C2598 /* RTRBasePageViewController */,
				A0649B07241C775A00BF484A /* RTRBaseLog */,
				A0540F1A241A70A4009AC5A7 /* RTRBaseNavigation */,
				A0540EF12413394E009AC5A7 /* RTRBaseView */,
				A0927AFA240F3FF4005DBD08 /* RTRBaseTabBar */,
				A0927AF9240EB611005DBD08 /* RTRDefine.h */,
			);
			path = RTRBase;
			sourceTree = "<group>";
		};
		A09B9E822403E56B0038583E /* RTRUtils */ = {
			isa = PBXGroup;
			children = (
				A0540F0C2417524E009AC5A7 /* RTRManager */,
				A09B9E832403E5740038583E /* RTRNet */,
			);
			path = RTRUtils;
			sourceTree = "<group>";
		};
		A09B9E832403E5740038583E /* RTRNet */ = {
			isa = PBXGroup;
			children = (
				A0540F11241A19F6009AC5A7 /* RTRImgDerainNet.h */,
				A0540F12241A1A09009AC5A7 /* RTRImgDerainNet.m */,
			);
			path = RTRNet;
			sourceTree = "<group>";
		};
		A0FA937B241DAE08003C2598 /* UserProfileDetail */ = {
			isa = PBXGroup;
			children = (
				A0FA937C241DAE2C003C2598 /* UserProfileTableViewCell.h */,
				A0FA937D241DAE3B003C2598 /* UserProfileTableViewCell.m */,
				A0FA937F241DBA7D003C2598 /* UserProfileTableViewHeaderCell.h */,
				A0FA9380241DBA93003C2598 /* UserProfileTableViewHeaderCell.m */,
			);
			path = UserProfileDetail;
			sourceTree = "<group>";
		};
		A0FA9382241DC57A003C2598 /* MainPage */ = {
			isa = PBXGroup;
			children = (
				A0FA9383241DC5AD003C2598 /* MainPageViewModel.h */,
				A0FA9384241DC5C5003C2598 /* MainPageViewModel.m */,
				A0FA939A241F6B14003C2598 /* DerainPage */,
				A0FA93A9241FE354003C2598 /* CameraPage */,
			);
			path = MainPage;
			sourceTree = "<group>";
		};
		A0FA9386241DCCC7003C2598 /* UserPage */ = {
			isa = PBXGroup;
			children = (
				A0540F0924174E8C009AC5A7 /* UserInfoModel.h */,
				A0540F0A24174E98009AC5A7 /* UserInfoModel.m */,
				A0FA9378241D372F003C2598 /* UserProfileModel.h */,
				A0FA9379241D3743003C2598 /* UserProfileModel.m */,
			);
			path = UserPage;
			sourceTree = "<group>";
		};
		A0FA9387241DCCDB003C2598 /* MainPage */ = {
			isa = PBXGroup;
			children = (
				A0FA9388241DCD7F003C2598 /* MainPageFunctionModel.h */,
				A0FA9389241DCD8D003C2598 /* MainPageFunctionModel.m */,
			);
			path = MainPage;
			sourceTree = "<group>";
		};
		A0FA938B241DE2AA003C2598 /* MainPage */ = {
			isa = PBXGroup;
			children = (
				A0FA938C241DE30E003C2598 /* MainPageFunctionEntriesView.h */,
				A0FA938D241DE324003C2598 /* MainPageFunctionEntriesView.m */,
				A0FA938F241E00DA003C2598 /* FunctionEntryItem.h */,
				A0FA9390241E00E8003C2598 /* FunctionEntryItem.m */,
				A0FA939E241F6D9D003C2598 /* EditPageNavigationBar.h */,
				A0FA939F241F6DB2003C2598 /* EditPageNavigationBar.m */,
			);
			path = MainPage;
			sourceTree = "<group>";
		};
		A0FA9392241F5869003C2598 /* RTRBasePageViewController */ = {
			isa = PBXGroup;
			children = (
				A0FA9393241F5894003C2598 /* RTRPageViewController.h */,
				A0FA9394241F58A5003C2598 /* RTRPageViewController.m */,
			);
			path = RTRBasePageViewController;
			sourceTree = "<group>";
		};
		A0FA9396241F68BD003C2598 /* DerainPage */ = {
			isa = PBXGroup;
			children = (
				A0FA9397241F68F2003C2598 /* DerainEditPageViewController.h */,
				A0FA9398241F6904003C2598 /* DerainEditPageViewController.m */,
			);
			path = DerainPage;
			sourceTree = "<group>";
		};
		A0FA939A241F6B14003C2598 /* DerainPage */ = {
			isa = PBXGroup;
			children = (
				A0FA939B241F6B28003C2598 /* DerainEditPageViewModel.h */,
				A0FA939C241F6B37003C2598 /* DerainEditPageViewModel.m */,
			);
			path = DerainPage;
			sourceTree = "<group>";
		};
		A0FA93A5241FDCA5003C2598 /* CameraPage */ = {
			isa = PBXGroup;
			children = (
				A0FA93A6241FDCF2003C2598 /* CameraImagePickerViewController.h */,
				A0FA93A7241FDD0A003C2598 /* CameraImagePickerViewController.m */,
			);
			path = CameraPage;
			sourceTree = "<group>";
		};
		A0FA93A9241FE354003C2598 /* CameraPage */ = {
			isa = PBXGroup;
			children = (
				A0FA93AA241FE364003C2598 /* CameraPageViewModel.h */,
				A0FA93AB241FE372003C2598 /* CameraPageViewModel.m */,
			);
			path = CameraPage;
			sourceTree = "<group>";
		};
/* End PBXGroup section */

/* Begin PBXNativeTarget section */
		A09B9E442400BBAF0038583E /* RTR-iOS */ = {
			isa = PBXNativeTarget;
			buildConfigurationList = A09B9E742400BBB10038583E /* Build configuration list for PBXNativeTarget "RTR-iOS" */;
			buildPhases = (
				20420B1E4102A562D0BEDFDD /* [CP] Check Pods Manifest.lock */,
				A09B9E412400BBAF0038583E /* Sources */,
				A09B9E422400BBAF0038583E /* Frameworks */,
				A09B9E432400BBAF0038583E /* Resources */,
				11B1A81E45E9658BE3BE537A /* [CP] Copy Pods Resources */,
			);
			buildRules = (
			);
			dependencies = (
			);
			name = "RTR-iOS";
			productName = "RTR-iOS";
			productReference = A09B9E452400BBB00038583E /* RTR-iOS.app */;
			productType = "com.apple.product-type.application";
		};
		A09B9E5F2400BBB10038583E /* RTR-iOSTests */ = {
			isa = PBXNativeTarget;
			buildConfigurationList = A09B9E772400BBB10038583E /* Build configuration list for PBXNativeTarget "RTR-iOSTests" */;
			buildPhases = (
				B5006EF0179D3B673743D606 /* [CP] Check Pods Manifest.lock */,
				A09B9E5C2400BBB10038583E /* Sources */,
				A09B9E5D2400BBB10038583E /* Frameworks */,
				A09B9E5E2400BBB10038583E /* Resources */,
			);
			buildRules = (
			);
			dependencies = (
				A09B9E622400BBB10038583E /* PBXTargetDependency */,
			);
			name = "RTR-iOSTests";
			productName = "RTR-iOSTests";
			productReference = A09B9E602400BBB10038583E /* RTR-iOSTests.xctest */;
			productType = "com.apple.product-type.bundle.unit-test";
		};
		A09B9E6A2400BBB10038583E /* RTR-iOSUITests */ = {
			isa = PBXNativeTarget;
			buildConfigurationList = A09B9E7A2400BBB10038583E /* Build configuration list for PBXNativeTarget "RTR-iOSUITests" */;
			buildPhases = (
				BFC3588AEECC36EF3FEBCF49 /* [CP] Check Pods Manifest.lock */,
				A09B9E672400BBB10038583E /* Sources */,
				A09B9E682400BBB10038583E /* Frameworks */,
				A09B9E692400BBB10038583E /* Resources */,
			);
			buildRules = (
			);
			dependencies = (
				A09B9E6D2400BBB10038583E /* PBXTargetDependency */,
			);
			name = "RTR-iOSUITests";
			productName = "RTR-iOSUITests";
			productReference = A09B9E6B2400BBB10038583E /* RTR-iOSUITests.xctest */;
			productType = "com.apple.product-type.bundle.ui-testing";
		};
/* End PBXNativeTarget section */

/* Begin PBXProject section */
		A09B9E3D2400BBAF0038583E /* Project object */ = {
			isa = PBXProject;
			attributes = {
				LastUpgradeCheck = 1130;
				ORGANIZATIONNAME = chenbb6;
				TargetAttributes = {
					A09B9E442400BBAF0038583E = {
						CreatedOnToolsVersion = 11.3;
					};
					A09B9E5F2400BBB10038583E = {
						CreatedOnToolsVersion = 11.3;
						TestTargetID = A09B9E442400BBAF0038583E;
					};
					A09B9E6A2400BBB10038583E = {
						CreatedOnToolsVersion = 11.3;
						TestTargetID = A09B9E442400BBAF0038583E;
					};
				};
			};
			buildConfigurationList = A09B9E402400BBAF0038583E /* Build configuration list for PBXProject "RTR-iOS" */;
			compatibilityVersion = "Xcode 9.3";
			developmentRegion = en;
			hasScannedForEncodings = 0;
			knownRegions = (
				en,
				Base,
			);
			mainGroup = A09B9E3C2400BBAF0038583E;
			productRefGroup = A09B9E462400BBB00038583E /* Products */;
			projectDirPath = "";
			projectRoot = "";
			targets = (
				A09B9E442400BBAF0038583E /* RTR-iOS */,
				A09B9E5F2400BBB10038583E /* RTR-iOSTests */,
				A09B9E6A2400BBB10038583E /* RTR-iOSUITests */,
			);
		};
/* End PBXProject section */

/* Begin PBXResourcesBuildPhase section */
		A09B9E432400BBAF0038583E /* Resources */ = {
			isa = PBXResourcesBuildPhase;
			buildActionMask = 2147483647;
			files = (
				A09B9E582400BBB10038583E /* LaunchScreen.storyboard in Resources */,
				A09B9E552400BBB10038583E /* Assets.xcassets in Resources */,
				A09B9E532400BBB00038583E /* Main.storyboard in Resources */,
			);
			runOnlyForDeploymentPostprocessing = 0;
		};
		A09B9E5E2400BBB10038583E /* Resources */ = {
			isa = PBXResourcesBuildPhase;
			buildActionMask = 2147483647;
			files = (
			);
			runOnlyForDeploymentPostprocessing = 0;
		};
		A09B9E692400BBB10038583E /* Resources */ = {
			isa = PBXResourcesBuildPhase;
			buildActionMask = 2147483647;
			files = (
			);
			runOnlyForDeploymentPostprocessing = 0;
		};
/* End PBXResourcesBuildPhase section */

/* Begin PBXShellScriptBuildPhase section */
		11B1A81E45E9658BE3BE537A /* [CP] Copy Pods Resources */ = {
			isa = PBXShellScriptBuildPhase;
			buildActionMask = 2147483647;
			files = (
			);
			inputFileListPaths = (
				"${PODS_ROOT}/Target Support Files/Pods-RTR-iOS/Pods-RTR-iOS-resources-${CONFIGURATION}-input-files.xcfilelist",
			);
			name = "[CP] Copy Pods Resources";
			outputFileListPaths = (
				"${PODS_ROOT}/Target Support Files/Pods-RTR-iOS/Pods-RTR-iOS-resources-${CONFIGURATION}-output-files.xcfilelist",
			);
			runOnlyForDeploymentPostprocessing = 0;
			shellPath = /bin/sh;
			shellScript = "\"${PODS_ROOT}/Target Support Files/Pods-RTR-iOS/Pods-RTR-iOS-resources.sh\"\n";
			showEnvVarsInLog = 0;
		};
		20420B1E4102A562D0BEDFDD /* [CP] Check Pods Manifest.lock */ = {
			isa = PBXShellScriptBuildPhase;
			buildActionMask = 2147483647;
			files = (
			);
			inputFileListPaths = (
			);
			inputPaths = (
				"${PODS_PODFILE_DIR_PATH}/Podfile.lock",
				"${PODS_ROOT}/Manifest.lock",
			);
			name = "[CP] Check Pods Manifest.lock";
			outputFileListPaths = (
			);
			outputPaths = (
				"$(DERIVED_FILE_DIR)/Pods-RTR-iOS-checkManifestLockResult.txt",
			);
			runOnlyForDeploymentPostprocessing = 0;
			shellPath = /bin/sh;
			shellScript = "diff \"${PODS_PODFILE_DIR_PATH}/Podfile.lock\" \"${PODS_ROOT}/Manifest.lock\" > /dev/null\nif [ $? != 0 ] ; then\n    # print error to STDERR\n    echo \"error: The sandbox is not in sync with the Podfile.lock. Run 'pod install' or update your CocoaPods installation.\" >&2\n    exit 1\nfi\n# This output is used by Xcode 'outputs' to avoid re-running this script phase.\necho \"SUCCESS\" > \"${SCRIPT_OUTPUT_FILE_0}\"\n";
			showEnvVarsInLog = 0;
		};
		B5006EF0179D3B673743D606 /* [CP] Check Pods Manifest.lock */ = {
			isa = PBXShellScriptBuildPhase;
			buildActionMask = 2147483647;
			files = (
			);
			inputFileListPaths = (
			);
			inputPaths = (
				"${PODS_PODFILE_DIR_PATH}/Podfile.lock",
				"${PODS_ROOT}/Manifest.lock",
			);
			name = "[CP] Check Pods Manifest.lock";
			outputFileListPaths = (
			);
			outputPaths = (
				"$(DERIVED_FILE_DIR)/Pods-RTR-iOSTests-checkManifestLockResult.txt",
			);
			runOnlyForDeploymentPostprocessing = 0;
			shellPath = /bin/sh;
			shellScript = "diff \"${PODS_PODFILE_DIR_PATH}/Podfile.lock\" \"${PODS_ROOT}/Manifest.lock\" > /dev/null\nif [ $? != 0 ] ; then\n    # print error to STDERR\n    echo \"error: The sandbox is not in sync with the Podfile.lock. Run 'pod install' or update your CocoaPods installation.\" >&2\n    exit 1\nfi\n# This output is used by Xcode 'outputs' to avoid re-running this script phase.\necho \"SUCCESS\" > \"${SCRIPT_OUTPUT_FILE_0}\"\n";
			showEnvVarsInLog = 0;
		};
		BFC3588AEECC36EF3FEBCF49 /* [CP] Check Pods Manifest.lock */ = {
			isa = PBXShellScriptBuildPhase;
			buildActionMask = 2147483647;
			files = (
			);
			inputFileListPaths = (
			);
			inputPaths = (
				"${PODS_PODFILE_DIR_PATH}/Podfile.lock",
				"${PODS_ROOT}/Manifest.lock",
			);
			name = "[CP] Check Pods Manifest.lock";
			outputFileListPaths = (
			);
			outputPaths = (
				"$(DERIVED_FILE_DIR)/Pods-RTR-iOSUITests-checkManifestLockResult.txt",
			);
			runOnlyForDeploymentPostprocessing = 0;
			shellPath = /bin/sh;
			shellScript = "diff \"${PODS_PODFILE_DIR_PATH}/Podfile.lock\" \"${PODS_ROOT}/Manifest.lock\" > /dev/null\nif [ $? != 0 ] ; then\n    # print error to STDERR\n    echo \"error: The sandbox is not in sync with the Podfile.lock. Run 'pod install' or update your CocoaPods installation.\" >&2\n    exit 1\nfi\n# This output is used by Xcode 'outputs' to avoid re-running this script phase.\necho \"SUCCESS\" > \"${SCRIPT_OUTPUT_FILE_0}\"\n";
			showEnvVarsInLog = 0;
		};
/* End PBXShellScriptBuildPhase section */

/* Begin PBXSourcesBuildPhase section */
		A09B9E412400BBAF0038583E /* Sources */ = {
			isa = PBXSourcesBuildPhase;
			buildActionMask = 2147483647;
			files = (
				A0927AF7240E5223005DBD08 /* MainPageViewController.m in Sources */,
				A0FA9391241E00E8003C2598 /* FunctionEntryItem.m in Sources */,
				A0927AF324051F45005DBD08 /* UserPageViewController.m in Sources */,
				A0927AF024051D46005DBD08 /* UITabBarController+Base.m in Sources */,
				A0FA93A4241F7C68003C2598 /* UIImageView+AutoSize.m in Sources */,
				A0FA93AC241FE372003C2598 /* CameraPageViewModel.m in Sources */,
				A0649B0A241C77CB00BF484A /* RLog.m in Sources */,
				A0FA9381241DBA93003C2598 /* UserProfileTableViewHeaderCell.m in Sources */,
				A0FA93A8241FDD0A003C2598 /* CameraImagePickerViewController.m in Sources */,
				A0FA937E241DAE3B003C2598 /* UserProfileTableViewCell.m in Sources */,
				A0540EFB24134B9D009AC5A7 /* UIView+Location.m in Sources */,
				A0FA938A241DCD8D003C2598 /* MainPageFunctionModel.m in Sources */,
				A0FA9395241F58A5003C2598 /* RTRPageViewController.m in Sources */,
				A0FA9385241DC5C5003C2598 /* MainPageViewModel.m in Sources */,
				A0927AFC240F4059005DBD08 /* RTRTabBarItem.m in Sources */,
				A0540F0424174171009AC5A7 /* AlbumPageViewController.m in Sources */,
				A09B9E882403E8B20038583E /* RTRNavigationController.m in Sources */,
				A0FA9399241F6904003C2598 /* DerainEditPageViewController.m in Sources */,
				A0540F1E241A7183009AC5A7 /* UIViewController+BackButtonHandler.m in Sources */,
				A0540EFF2417392C009AC5A7 /* UserPageViewModel.m in Sources */,
				A09B9E4A2400BBB00038583E /* AppDelegate.m in Sources */,
				A0FA9377241D3615003C2598 /* UserProfileView.m in Sources */,
				A0FA939D241F6B37003C2598 /* DerainEditPageViewModel.m in Sources */,
				A0FA93A0241F6DB2003C2598 /* EditPageNavigationBar.m in Sources */,
				A0FA938E241DE324003C2598 /* MainPageFunctionEntriesView.m in Sources */,
				A0540F0B24174E98009AC5A7 /* UserInfoModel.m in Sources */,
				A0540F1024175289009AC5A7 /* RTRUserManager.m in Sources */,
				A0FA937A241D3743003C2598 /* UserProfileModel.m in Sources */,
				A09B9E8B2403EB450038583E /* RTRTabBarController.m in Sources */,
				A0540EF8241339BB009AC5A7 /* UIView+Shadow.m in Sources */,
				A0540F19241A6B80009AC5A7 /* LoginPageViewModel.m in Sources */,
				A0540F13241A1A09009AC5A7 /* RTRImgDerainNet.m in Sources */,
				A09B9E5B2400BBB10038583E /* main.m in Sources */,
				A0540F0824174DEA009AC5A7 /* UserInfoView.m in Sources */,
				A09B9E862403E7890038583E /* UINavigationController+Base.m in Sources */,
				A0540F16241A6AE6009AC5A7 /* LoginPageViewController.m in Sources */,
				A09B9E4D2400BBB00038583E /* SceneDelegate.m in Sources */,
			);
			runOnlyForDeploymentPostprocessing = 0;
		};
		A09B9E5C2400BBB10038583E /* Sources */ = {
			isa = PBXSourcesBuildPhase;
			buildActionMask = 2147483647;
			files = (
				A09B9E652400BBB10038583E /* RTR_iOSTests.m in Sources */,
			);
			runOnlyForDeploymentPostprocessing = 0;
		};
		A09B9E672400BBB10038583E /* Sources */ = {
			isa = PBXSourcesBuildPhase;
			buildActionMask = 2147483647;
			files = (
				A09B9E702400BBB10038583E /* RTR_iOSUITests.m in Sources */,
			);
			runOnlyForDeploymentPostprocessing = 0;
		};
/* End PBXSourcesBuildPhase section */

/* Begin PBXTargetDependency section */
		A09B9E622400BBB10038583E /* PBXTargetDependency */ = {
			isa = PBXTargetDependency;
			target = A09B9E442400BBAF0038583E /* RTR-iOS */;
			targetProxy = A09B9E612400BBB10038583E /* PBXContainerItemProxy */;
		};
		A09B9E6D2400BBB10038583E /* PBXTargetDependency */ = {
			isa = PBXTargetDependency;
			target = A09B9E442400BBAF0038583E /* RTR-iOS */;
			targetProxy = A09B9E6C2400BBB10038583E /* PBXContainerItemProxy */;
		};
/* End PBXTargetDependency section */

/* Begin PBXVariantGroup section */
		A09B9E512400BBB00038583E /* Main.storyboard */ = {
			isa = PBXVariantGroup;
			children = (
				A09B9E522400BBB00038583E /* Base */,
			);
			name = Main.storyboard;
			sourceTree = "<group>";
		};
		A09B9E562400BBB10038583E /* LaunchScreen.storyboard */ = {
			isa = PBXVariantGroup;
			children = (
				A09B9E572400BBB10038583E /* Base */,
			);
			name = LaunchScreen.storyboard;
			sourceTree = "<group>";
		};
/* End PBXVariantGroup section */

/* Begin XCBuildConfiguration section */
		A09B9E722400BBB10038583E /* Debug */ = {
			isa = XCBuildConfiguration;
			buildSettings = {
				ALWAYS_SEARCH_USER_PATHS = NO;
				CLANG_ANALYZER_NONNULL = YES;
				CLANG_ANALYZER_NUMBER_OBJECT_CONVERSION = YES_AGGRESSIVE;
				CLANG_CXX_LANGUAGE_STANDARD = "gnu++14";
				CLANG_CXX_LIBRARY = "libc++";
				CLANG_ENABLE_MODULES = YES;
				CLANG_ENABLE_OBJC_ARC = YES;
				CLANG_ENABLE_OBJC_WEAK = YES;
				CLANG_WARN_BLOCK_CAPTURE_AUTORELEASING = YES;
				CLANG_WARN_BOOL_CONVERSION = YES;
				CLANG_WARN_COMMA = YES;
				CLANG_WARN_CONSTANT_CONVERSION = YES;
				CLANG_WARN_DEPRECATED_OBJC_IMPLEMENTATIONS = YES;
				CLANG_WARN_DIRECT_OBJC_ISA_USAGE = YES_ERROR;
				CLANG_WARN_DOCUMENTATION_COMMENTS = YES;
				CLANG_WARN_EMPTY_BODY = YES;
				CLANG_WARN_ENUM_CONVERSION = YES;
				CLANG_WARN_INFINITE_RECURSION = YES;
				CLANG_WARN_INT_CONVERSION = YES;
				CLANG_WARN_NON_LITERAL_NULL_CONVERSION = YES;
				CLANG_WARN_OBJC_IMPLICIT_RETAIN_SELF = YES;
				CLANG_WARN_OBJC_LITERAL_CONVERSION = YES;
				CLANG_WARN_OBJC_ROOT_CLASS = YES_ERROR;
				CLANG_WARN_RANGE_LOOP_ANALYSIS = YES;
				CLANG_WARN_STRICT_PROTOTYPES = YES;
				CLANG_WARN_SUSPICIOUS_MOVE = YES;
				CLANG_WARN_UNGUARDED_AVAILABILITY = YES_AGGRESSIVE;
				CLANG_WARN_UNREACHABLE_CODE = YES;
				CLANG_WARN__DUPLICATE_METHOD_MATCH = YES;
				COPY_PHASE_STRIP = NO;
				DEBUG_INFORMATION_FORMAT = dwarf;
				ENABLE_STRICT_OBJC_MSGSEND = YES;
				ENABLE_TESTABILITY = YES;
				GCC_C_LANGUAGE_STANDARD = gnu11;
				GCC_DYNAMIC_NO_PIC = NO;
				GCC_NO_COMMON_BLOCKS = YES;
				GCC_OPTIMIZATION_LEVEL = 0;
				GCC_PREPROCESSOR_DEFINITIONS = (
					"DEBUG=1",
					"$(inherited)",
				);
				GCC_WARN_64_TO_32_BIT_CONVERSION = YES;
				GCC_WARN_ABOUT_RETURN_TYPE = YES_ERROR;
				GCC_WARN_UNDECLARED_SELECTOR = YES;
				GCC_WARN_UNINITIALIZED_AUTOS = YES_AGGRESSIVE;
				GCC_WARN_UNUSED_FUNCTION = YES;
				GCC_WARN_UNUSED_VARIABLE = YES;
				IPHONEOS_DEPLOYMENT_TARGET = 13.2;
				MTL_ENABLE_DEBUG_INFO = INCLUDE_SOURCE;
				MTL_FAST_MATH = YES;
				ONLY_ACTIVE_ARCH = YES;
				SDKROOT = iphoneos;
			};
			name = Debug;
		};
		A09B9E732400BBB10038583E /* Release */ = {
			isa = XCBuildConfiguration;
			buildSettings = {
				ALWAYS_SEARCH_USER_PATHS = NO;
				CLANG_ANALYZER_NONNULL = YES;
				CLANG_ANALYZER_NUMBER_OBJECT_CONVERSION = YES_AGGRESSIVE;
				CLANG_CXX_LANGUAGE_STANDARD = "gnu++14";
				CLANG_CXX_LIBRARY = "libc++";
				CLANG_ENABLE_MODULES = YES;
				CLANG_ENABLE_OBJC_ARC = YES;
				CLANG_ENABLE_OBJC_WEAK = YES;
				CLANG_WARN_BLOCK_CAPTURE_AUTORELEASING = YES;
				CLANG_WARN_BOOL_CONVERSION = YES;
				CLANG_WARN_COMMA = YES;
				CLANG_WARN_CONSTANT_CONVERSION = YES;
				CLANG_WARN_DEPRECATED_OBJC_IMPLEMENTATIONS = YES;
				CLANG_WARN_DIRECT_OBJC_ISA_USAGE = YES_ERROR;
				CLANG_WARN_DOCUMENTATION_COMMENTS = YES;
				CLANG_WARN_EMPTY_BODY = YES;
				CLANG_WARN_ENUM_CONVERSION = YES;
				CLANG_WARN_INFINITE_RECURSION = YES;
				CLANG_WARN_INT_CONVERSION = YES;
				CLANG_WARN_NON_LITERAL_NULL_CONVERSION = YES;
				CLANG_WARN_OBJC_IMPLICIT_RETAIN_SELF = YES;
				CLANG_WARN_OBJC_LITERAL_CONVERSION = YES;
				CLANG_WARN_OBJC_ROOT_CLASS = YES_ERROR;
				CLANG_WARN_RANGE_LOOP_ANALYSIS = YES;
				CLANG_WARN_STRICT_PROTOTYPES = YES;
				CLANG_WARN_SUSPICIOUS_MOVE = YES;
				CLANG_WARN_UNGUARDED_AVAILABILITY = YES_AGGRESSIVE;
				CLANG_WARN_UNREACHABLE_CODE = YES;
				CLANG_WARN__DUPLICATE_METHOD_MATCH = YES;
				COPY_PHASE_STRIP = NO;
				DEBUG_INFORMATION_FORMAT = "dwarf-with-dsym";
				ENABLE_NS_ASSERTIONS = NO;
				ENABLE_STRICT_OBJC_MSGSEND = YES;
				GCC_C_LANGUAGE_STANDARD = gnu11;
				GCC_NO_COMMON_BLOCKS = YES;
				GCC_WARN_64_TO_32_BIT_CONVERSION = YES;
				GCC_WARN_ABOUT_RETURN_TYPE = YES_ERROR;
				GCC_WARN_UNDECLARED_SELECTOR = YES;
				GCC_WARN_UNINITIALIZED_AUTOS = YES_AGGRESSIVE;
				GCC_WARN_UNUSED_FUNCTION = YES;
				GCC_WARN_UNUSED_VARIABLE = YES;
				IPHONEOS_DEPLOYMENT_TARGET = 13.2;
				MTL_ENABLE_DEBUG_INFO = NO;
				MTL_FAST_MATH = YES;
				SDKROOT = iphoneos;
				VALIDATE_PRODUCT = YES;
			};
			name = Release;
		};
		A09B9E752400BBB10038583E /* Debug */ = {
			isa = XCBuildConfiguration;
			baseConfigurationReference = 1A8504B475ECF40E75F6294F /* Pods-RTR-iOS.debug.xcconfig */;
			buildSettings = {
				ASSETCATALOG_COMPILER_APPICON_NAME = AppIcon;
				CODE_SIGN_IDENTITY = "Apple Development";
				CODE_SIGN_STYLE = Automatic;
				DEVELOPMENT_TEAM = D8YQLH6SF7;
				INFOPLIST_FILE = "RTR-iOS/Info.plist";
				LD_RUNPATH_SEARCH_PATHS = (
					"$(inherited)",
					"@executable_path/Frameworks",
				);
				PRODUCT_BUNDLE_IDENTIFIER = com.chenbb6.WY9CLumGeHvfIifo;
				PRODUCT_NAME = "$(TARGET_NAME)";
				PROVISIONING_PROFILE_SPECIFIER = "";
				TARGETED_DEVICE_FAMILY = "1,2";
			};
			name = Debug;
		};
		A09B9E762400BBB10038583E /* Release */ = {
			isa = XCBuildConfiguration;
			baseConfigurationReference = 91F583C1482B341410EE8443 /* Pods-RTR-iOS.release.xcconfig */;
			buildSettings = {
				ASSETCATALOG_COMPILER_APPICON_NAME = AppIcon;
				CODE_SIGN_IDENTITY = "Apple Development";
				CODE_SIGN_STYLE = Automatic;
				DEVELOPMENT_TEAM = D8YQLH6SF7;
				INFOPLIST_FILE = "RTR-iOS/Info.plist";
				LD_RUNPATH_SEARCH_PATHS = (
					"$(inherited)",
					"@executable_path/Frameworks",
				);
				PRODUCT_BUNDLE_IDENTIFIER = com.chenbb6.WY9CLumGeHvfIifo;
				PRODUCT_NAME = "$(TARGET_NAME)";
				PROVISIONING_PROFILE_SPECIFIER = "";
				TARGETED_DEVICE_FAMILY = "1,2";
			};
			name = Release;
		};
		A09B9E782400BBB10038583E /* Debug */ = {
			isa = XCBuildConfiguration;
			baseConfigurationReference = DF2409B3BF9AC3CE2B25A2AD /* Pods-RTR-iOSTests.debug.xcconfig */;
			buildSettings = {
				BUNDLE_LOADER = "$(TEST_HOST)";
				CODE_SIGN_STYLE = Automatic;
				INFOPLIST_FILE = "RTR-iOSTests/Info.plist";
				IPHONEOS_DEPLOYMENT_TARGET = 13.2;
				LD_RUNPATH_SEARCH_PATHS = (
					"$(inherited)",
					"@executable_path/Frameworks",
					"@loader_path/Frameworks",
				);
				PRODUCT_BUNDLE_IDENTIFIER = "chenbb6.RTR-iOSTests";
				PRODUCT_NAME = "$(TARGET_NAME)";
				TARGETED_DEVICE_FAMILY = "1,2";
				TEST_HOST = "$(BUILT_PRODUCTS_DIR)/RTR-iOS.app/RTR-iOS";
			};
			name = Debug;
		};
		A09B9E792400BBB10038583E /* Release */ = {
			isa = XCBuildConfiguration;
			baseConfigurationReference = 16A2A37784E2605812B437F5 /* Pods-RTR-iOSTests.release.xcconfig */;
			buildSettings = {
				BUNDLE_LOADER = "$(TEST_HOST)";
				CODE_SIGN_STYLE = Automatic;
				INFOPLIST_FILE = "RTR-iOSTests/Info.plist";
				IPHONEOS_DEPLOYMENT_TARGET = 13.2;
				LD_RUNPATH_SEARCH_PATHS = (
					"$(inherited)",
					"@executable_path/Frameworks",
					"@loader_path/Frameworks",
				);
				PRODUCT_BUNDLE_IDENTIFIER = "chenbb6.RTR-iOSTests";
				PRODUCT_NAME = "$(TARGET_NAME)";
				TARGETED_DEVICE_FAMILY = "1,2";
				TEST_HOST = "$(BUILT_PRODUCTS_DIR)/RTR-iOS.app/RTR-iOS";
			};
			name = Release;
		};
		A09B9E7B2400BBB10038583E /* Debug */ = {
			isa = XCBuildConfiguration;
			baseConfigurationReference = 64B4612FD49F903C22AE9F08 /* Pods-RTR-iOSUITests.debug.xcconfig */;
			buildSettings = {
				CODE_SIGN_STYLE = Automatic;
				INFOPLIST_FILE = "RTR-iOSUITests/Info.plist";
				LD_RUNPATH_SEARCH_PATHS = (
					"$(inherited)",
					"@executable_path/Frameworks",
					"@loader_path/Frameworks",
				);
				PRODUCT_BUNDLE_IDENTIFIER = "chenbb6.RTR-iOSUITests";
				PRODUCT_NAME = "$(TARGET_NAME)";
				TARGETED_DEVICE_FAMILY = "1,2";
				TEST_TARGET_NAME = "RTR-iOS";
			};
			name = Debug;
		};
		A09B9E7C2400BBB10038583E /* Release */ = {
			isa = XCBuildConfiguration;
			baseConfigurationReference = 88AA4556AD6ED1A2207CA101 /* Pods-RTR-iOSUITests.release.xcconfig */;
			buildSettings = {
				CODE_SIGN_STYLE = Automatic;
				INFOPLIST_FILE = "RTR-iOSUITests/Info.plist";
				LD_RUNPATH_SEARCH_PATHS = (
					"$(inherited)",
					"@executable_path/Frameworks",
					"@loader_path/Frameworks",
				);
				PRODUCT_BUNDLE_IDENTIFIER = "chenbb6.RTR-iOSUITests";
				PRODUCT_NAME = "$(TARGET_NAME)";
				TARGETED_DEVICE_FAMILY = "1,2";
				TEST_TARGET_NAME = "RTR-iOS";
			};
			name = Release;
		};
/* End XCBuildConfiguration section */

/* Begin XCConfigurationList section */
		A09B9E402400BBAF0038583E /* Build configuration list for PBXProject "RTR-iOS" */ = {
			isa = XCConfigurationList;
			buildConfigurations = (
				A09B9E722400BBB10038583E /* Debug */,
				A09B9E732400BBB10038583E /* Release */,
			);
			defaultConfigurationIsVisible = 0;
			defaultConfigurationName = Release;
		};
		A09B9E742400BBB10038583E /* Build configuration list for PBXNativeTarget "RTR-iOS" */ = {
			isa = XCConfigurationList;
			buildConfigurations = (
				A09B9E752400BBB10038583E /* Debug */,
				A09B9E762400BBB10038583E /* Release */,
			);
			defaultConfigurationIsVisible = 0;
			defaultConfigurationName = Release;
		};
		A09B9E772400BBB10038583E /* Build configuration list for PBXNativeTarget "RTR-iOSTests" */ = {
			isa = XCConfigurationList;
			buildConfigurations = (
				A09B9E782400BBB10038583E /* Debug */,
				A09B9E792400BBB10038583E /* Release */,
			);
			defaultConfigurationIsVisible = 0;
			defaultConfigurationName = Release;
		};
		A09B9E7A2400BBB10038583E /* Build configuration list for PBXNativeTarget "RTR-iOSUITests" */ = {
			isa = XCConfigurationList;
			buildConfigurations = (
				A09B9E7B2400BBB10038583E /* Debug */,
				A09B9E7C2400BBB10038583E /* Release */,
			);
			defaultConfigurationIsVisible = 0;
			defaultConfigurationName = Release;
		};
/* End XCConfigurationList section */
	};
	rootObject = A09B9E3D2400BBAF0038583E /* Project object */;
}
